
Microsoft Visual Studio Solution File, Format Version 12.00
# Visual Studio Version 17
VisualStudioVersion = 17.0.31912.275
MinimumVisualStudioVersion = 10.0.40219.1
Project("{9A19103F-16F7-4668-BE54-9A1E7A4F7556}") = "OrderShipping", "Order Shipping\OrderShipping.csproj", "{E8EDAA2B-24C8-41B2-AB45-86D89A5688FD}"
EndProject
Project("{FAE04EC0-301F-11D3-BF4B-00C04F79EFBC}") = "OrderShippingTest", "Order_Shipping_Test\OrderShippingTest.csproj", "{BDBEA039-558F-4E47-BD05-D7DAB781006A}"
EndProject
Global
	GlobalSection(SolutionConfigurationPlatforms) = preSolution
		Debug|Any CPU = Debug|Any CPU
		Release|Any CPU = Release|Any CPU
	EndGlobalSection
	GlobalSection(ProjectConfigurationPlatforms) = postSolution
		{E8EDAA2B-24C8-41B2-AB45-86D89A5688FD}.Debug|Any CPU.ActiveCfg = Debug|Any CPU
		{E8EDAA2B-24C8-41B2-AB45-86D89A5688FD}.Debug|Any CPU.Build.0 = Debug|Any CPU
		{E8EDAA2B-24C8-41B2-AB45-86D89A5688FD}.Release|Any CPU.ActiveCfg = Release|Any CPU
		{E8EDAA2B-24C8-41B2-AB45-86D89A5688FD}.Release|Any CPU.Build.0 = Release|Any CPU
		{BDBEA039-558F-4E47-BD05-D7DAB781006A}.Debug|Any CPU.ActiveCfg = Debug|Any CPU
		{BDBEA039-558F-4E47-BD05-D7DAB781006A}.Debug|Any CPU.Build.0 = Debug|Any CPU
		{BDBEA039-558F-4E47-BD05-D7DAB781006A}.Release|Any CPU.ActiveCfg = Release|Any CPU
		{BDBEA039-558F-4E47-BD05-D7DAB781006A}.Release|Any CPU.Build.0 = Release|Any CPU
	EndGlobalSection
	GlobalSection(SolutionProperties) = preSolution
		HideSolutionNode = FALSE
	EndGlobalSection
	GlobalSection(ExtensibilityGlobals) = postSolution
		SolutionGuid = {2DD2A67E-A696-472D-AAD6-B08BBF3F02B5}
	EndGlobalSection
EndGlobal
